<?xml version="1.0" encoding="utf-8"?>
<Project ToolsVersion="4.0" xmlns="http://schemas.microsoft.com/developer/msbuild/2003">
  <ItemGroup>
    <Filter Include="Source Files">
      <UniqueIdentifier>{4FC737F1-C7A5-4376-A066-2A32D752A2FF}</UniqueIdentifier>
      <Extensions>cpp;c;cc;cxx;def;odl;idl;hpj;bat;asm;asmx</Extensions>
    </Filter>
    <Filter Include="Header Files">
      <UniqueIdentifier>{93995380-89BD-4b04-88EB-625FBE52EBFB}</UniqueIdentifier>
      <Extensions>h;hh;hpp;hxx;hm;inl;inc;xsd</Extensions>
    </Filter>
    <Filter Include="Resource Files">
      <UniqueIdentifier>{67DA6AB6-F800-4c08-8B7A-83BB121AAD01}</UniqueIdentifier>
      <Extensions>rc;ico;cur;bmp;dlg;rc2;rct;bin;rgs;gif;jpg;jpeg;jpe;resx;tiff;tif;png;wav;mfcribbon-ms</Extensions>
    </Filter>
    <Filter Include="Source Files\Objects">
      <UniqueIdentifier>{c4d42798-61b4-401a-95a2-cc4fd47c33b7}</UniqueIdentifier>
    </Filter>
    <Filter Include="Source Files\Objects\Primitives">
      <UniqueIdentifier>{f50aeb94-70bd-4a77-8b41-951e572cdd92}</UniqueIdentifier>
    </Filter>
    <Filter Include="Source Files\Shaders">
      <UniqueIdentifier>{0af4b130-c635-4fb9-b30a-0f6434639beb}</UniqueIdentifier>
    </Filter>
  </ItemGroup>
  <ItemGroup>
    <ClCompile Include="source\Objects\Primitives\BoxObject.cpp">
      <Filter>Source Files\Objects\Primitives</Filter>
    </ClCompile>
    <ClCompile Include="source\Objects\Primitives\Object.cpp">
      <Filter>Source Files\Objects\Primitives</Filter>
    </ClCompile>
    <ClCompile Include="source\Objects\Primitives\PlaneObject.cpp">
      <Filter>Source Files\Objects\Primitives</Filter>
    </ClCompile>
    <ClCompile Include="source\Objects\WallObject.cpp">
      <Filter>Source Files\Objects</Filter>
    </ClCompile>
    <ClCompile Include="source\GameManager.cpp">
      <Filter>Source Files</Filter>
    </ClCompile>
    <ClCompile Include="source\main.cpp">
      <Filter>Source Files</Filter>
    </ClCompile>
    <ClCompile Include="source\Physics.cpp">
      <Filter>Source Files</Filter>
    </ClCompile>
    <ClCompile Include="source\Renderer.cpp">
      <Filter>Source Files</Filter>
    </ClCompile>
    <ClCompile Include="source\Timer.cpp">
      <Filter>Source Files</Filter>
    </ClCompile>
    <ClCompile Include="source\FileSystem.cpp">
      <Filter>Source Files</Filter>
    </ClCompile>
    <ClCompile Include="PhysicsLoader.cpp">
      <Filter>Source Files</Filter>
    </ClCompile>
    <ClCompile Include="source\snakeSolver.cpp">
      <Filter>Source Files</Filter>
    </ClCompile>
    <ClCompile Include="source\Objects\SegmentObject.cpp">
      <Filter>Source Files\Objects</Filter>
    </ClCompile>
  </ItemGroup>
  <ItemGroup>
    <ClInclude Include="source\Objects\Primitives\BoxObject.hpp">
      <Filter>Source Files\Objects\Primitives</Filter>
    </ClInclude>
    <ClInclude Include="source\Objects\Primitives\Object.hpp">
      <Filter>Source Files\Objects\Primitives</Filter>
    </ClInclude>
    <ClInclude Include="source\Objects\Primitives\PlaneObject.hpp">
      <Filter>Source Files\Objects\Primitives</Filter>
    </ClInclude>
    <ClInclude Include="source\Objects\WallObject.hpp">
      <Filter>Source Files\Objects</Filter>
    </ClInclude>
    <ClInclude Include="source\GameManager.hpp">
      <Filter>Source Files</Filter>
    </ClInclude>
    <ClInclude Include="source\Physics.hpp">
      <Filter>Source Files</Filter>
    </ClInclude>
    <ClInclude Include="source\Renderer.hpp">
      <Filter>Source Files</Filter>
    </ClInclude>
    <ClInclude Include="source\Timer.hpp">
      <Filter>Source Files</Filter>
    </ClInclude>
    <ClInclude Include="source\FileSystem.hpp">
      <Filter>Source Files</Filter>
    </ClInclude>
    <ClInclude Include="source\snakeSolver.hpp">
      <Filter>Source Files</Filter>
    </ClInclude>
    <ClInclude Include="source\Objects\SegmentObject.hpp">
      <Filter>Source Files\Objects</Filter>
    </ClInclude>
  </ItemGroup>
  <ItemGroup>
    <None Include="source\Shaders\Main.fragmentshader">
      <Filter>Source Files\Shaders</Filter>
    </None>
    <None Include="source\Shaders\Main.vertexshader">
      <Filter>Source Files\Shaders</Filter>
    </None>
  </ItemGroup>
</Project>