Microsoft Visual Studio Solution File, Format Version 12.00
# Visual Studio 15
VisualStudioVersion = 15.0.27130.2010
MinimumVisualStudioVersion = 10.0.40219.1
Project("{8BC9CEB8-8B4A-11D0-8D11-00A0C91BC942}") = "ALL_BUILD", "ALL_BUILD.vcxproj", "{4E6B610C-AF40-34DB-BDAE-D28FC00540C4}"
	ProjectSection(ProjectDependencies) = postProject
		{FA29DE5A-2E8E-3932-9EC7-5549323F6427} = {FA29DE5A-2E8E-3932-9EC7-5549323F6427}
		{EDE1606D-0FCC-306D-BC0A-64AEA6CD3FED} = {EDE1606D-0FCC-306D-BC0A-64AEA6CD3FED}
		{22222788-13BC-3C67-8C21-F57C9813F657} = {22222788-13BC-3C67-8C21-F57C9813F657}
		{FA497C90-F1E1-39E8-B4BF-B482B0C91BD2} = {FA497C90-F1E1-39E8-B4BF-B482B0C91BD2}
		{0C99AF81-6C3D-3E7D-A9BC-8BAC0727569E} = {0C99AF81-6C3D-3E7D-A9BC-8BAC0727569E}
	EndProjectSection
EndProject
Project("{8BC9CEB8-8B4A-11D0-8D11-00A0C91BC942}") = "SnAIk", "source\SnAIk\SnAIk.vcxproj", "{FA29DE5A-2E8E-3932-9EC7-5549323F6427}"
	ProjectSection(ProjectDependencies) = postProject
		{22222788-13BC-3C67-8C21-F57C9813F657} = {22222788-13BC-3C67-8C21-F57C9813F657}
		{FA497C90-F1E1-39E8-B4BF-B482B0C91BD2} = {FA497C90-F1E1-39E8-B4BF-B482B0C91BD2}
	EndProjectSection
EndProject
Project("{8BC9CEB8-8B4A-11D0-8D11-00A0C91BC942}") = "SnAIkTest", "source\SnAIkTest\SnAIkTest.vcxproj", "{EDE1606D-0FCC-306D-BC0A-64AEA6CD3FED}"
	ProjectSection(ProjectDependencies) = postProject
		{22222788-13BC-3C67-8C21-F57C9813F657} = {22222788-13BC-3C67-8C21-F57C9813F657}
		{FA497C90-F1E1-39E8-B4BF-B482B0C91BD2} = {FA497C90-F1E1-39E8-B4BF-B482B0C91BD2}
		{0C99AF81-6C3D-3E7D-A9BC-8BAC0727569E} = {0C99AF81-6C3D-3E7D-A9BC-8BAC0727569E}
	EndProjectSection
EndProject
Project("{8BC9CEB8-8B4A-11D0-8D11-00A0C91BC942}") = "ZERO_CHECK", "ZERO_CHECK.vcxproj", "{22222788-13BC-3C67-8C21-F57C9813F657}"
EndProject
Project("{8BC9CEB8-8B4A-11D0-8D11-00A0C91BC942}") = "glfw", "external\glfw\glfw.vcxproj", "{FA497C90-F1E1-39E8-B4BF-B482B0C91BD2}"
	ProjectSection(ProjectDependencies) = postProject
		{22222788-13BC-3C67-8C21-F57C9813F657} = {22222788-13BC-3C67-8C21-F57C9813F657}
	EndProjectSection
EndProject
Project("{8BC9CEB8-8B4A-11D0-8D11-00A0C91BC942}") = "gtest", "external\gtest\gtest.vcxproj", "{0C99AF81-6C3D-3E7D-A9BC-8BAC0727569E}"
	ProjectSection(ProjectDependencies) = postProject
		{22222788-13BC-3C67-8C21-F57C9813F657} = {22222788-13BC-3C67-8C21-F57C9813F657}
	EndProjectSection
EndProject
Global
	GlobalSection(SolutionConfigurationPlatforms) = preSolution
		Debug|x64 = Debug|x64
		Release|x64 = Release|x64
	EndGlobalSection
	GlobalSection(ProjectConfigurationPlatforms) = postSolution
		{4E6B610C-AF40-34DB-BDAE-D28FC00540C4}.Debug|x64.ActiveCfg = Debug|x64
		{4E6B610C-AF40-34DB-BDAE-D28FC00540C4}.Release|x64.ActiveCfg = Release|x64
		{FA29DE5A-2E8E-3932-9EC7-5549323F6427}.Debug|x64.ActiveCfg = Debug|x64
		{FA29DE5A-2E8E-3932-9EC7-5549323F6427}.Debug|x64.Build.0 = Debug|x64
		{FA29DE5A-2E8E-3932-9EC7-5549323F6427}.Release|x64.ActiveCfg = Release|x64
		{FA29DE5A-2E8E-3932-9EC7-5549323F6427}.Release|x64.Build.0 = Release|x64
		{EDE1606D-0FCC-306D-BC0A-64AEA6CD3FED}.Debug|x64.ActiveCfg = Debug|Win32
		{EDE1606D-0FCC-306D-BC0A-64AEA6CD3FED}.Release|x64.ActiveCfg = Release|Win32
		{22222788-13BC-3C67-8C21-F57C9813F657}.Debug|x64.ActiveCfg = Debug|x64
		{22222788-13BC-3C67-8C21-F57C9813F657}.Debug|x64.Build.0 = Debug|x64
		{22222788-13BC-3C67-8C21-F57C9813F657}.Release|x64.ActiveCfg = Release|x64
		{22222788-13BC-3C67-8C21-F57C9813F657}.Release|x64.Build.0 = Release|x64
		{FA497C90-F1E1-39E8-B4BF-B482B0C91BD2}.Debug|x64.ActiveCfg = Debug|Win32
		{FA497C90-F1E1-39E8-B4BF-B482B0C91BD2}.Release|x64.ActiveCfg = Release|x64
		{0C99AF81-6C3D-3E7D-A9BC-8BAC0727569E}.Debug|x64.ActiveCfg = Debug|Win32
		{0C99AF81-6C3D-3E7D-A9BC-8BAC0727569E}.Release|x64.ActiveCfg = Release|Win32
	EndGlobalSection
	GlobalSection(SolutionProperties) = preSolution
		HideSolutionNode = FALSE
	EndGlobalSection
	GlobalSection(ExtensibilityGlobals) = postSolution
		SolutionGuid = {EA71F9E7-060E-3D40-8460-5A004234D3F6}
	EndGlobalSection
EndGlobal
