<?xml version="1.0" encoding="utf-8"?>
<Project ToolsVersion="4.0" xmlns="http://schemas.microsoft.com/developer/msbuild/2003">
  <ItemGroup>
    <Filter Include="Source Files">
      <UniqueIdentifier>{4FC737F1-C7A5-4376-A066-2A32D752A2FF}</UniqueIdentifier>
      <Extensions>cpp;c;cc;cxx;def;odl;idl;hpj;bat;asm;asmx</Extensions>
    </Filter>
    <Filter Include="Header Files">
      <UniqueIdentifier>{93995380-89BD-4b04-88EB-625FBE52EBFB}</UniqueIdentifier>
      <Extensions>h;hh;hpp;hxx;hm;inl;inc;xsd</Extensions>
    </Filter>
    <Filter Include="Resource Files">
      <UniqueIdentifier>{67DA6AB6-F800-4c08-8B7A-83BB121AAD01}</UniqueIdentifier>
      <Extensions>rc;ico;cur;bmp;dlg;rc2;rct;bin;rgs;gif;jpg;jpeg;jpe;resx;tiff;tif;png;wav;mfcribbon-ms</Extensions>
    </Filter>
    <Filter Include="Source Files\SnAIkFiles">
      <UniqueIdentifier>{2bb894aa-a049-4a08-ae03-12c9a668b59d}</UniqueIdentifier>
    </Filter>
    <Filter Include="Source Files\SnAIkFiles\Objects">
      <UniqueIdentifier>{a1ae2b6d-4c42-4238-a023-6248797b1383}</UniqueIdentifier>
    </Filter>
    <Filter Include="Source Files\SnAIkFiles\Objects\Primitives">
      <UniqueIdentifier>{543d339d-015e-411d-adda-f6767a3c0765}</UniqueIdentifier>
    </Filter>
  </ItemGroup>
  <ItemGroup>
    <ClCompile Include="source\SnAIkTest\Main.cpp">
      <Filter>Source Files</Filter>
    </ClCompile>
    <ClCompile Include="source\SnAIkTest\TimerTest.cpp">
      <Filter>Source Files</Filter>
    </ClCompile>
    <ClCompile Include="source\SnAIk\Objects\Primitives\BoxObject.cpp">
      <Filter>Source Files\SnAIkFiles\Objects\Primitives</Filter>
    </ClCompile>
    <ClCompile Include="source\SnAIk\Objects\Primitives\Object.cpp">
      <Filter>Source Files\SnAIkFiles\Objects\Primitives</Filter>
    </ClCompile>
    <ClCompile Include="source\SnAIk\Objects\Primitives\PlaneObject.cpp">
      <Filter>Source Files\SnAIkFiles\Objects\Primitives</Filter>
    </ClCompile>
    <ClCompile Include="source\SnAIk\Objects\SegmentObject.cpp">
      <Filter>Source Files\SnAIkFiles\Objects</Filter>
    </ClCompile>
    <ClCompile Include="source\SnAIk\Objects\WallObject.cpp">
      <Filter>Source Files\SnAIkFiles\Objects</Filter>
    </ClCompile>
    <ClCompile Include="source\SnAIk\FileSystem.cpp">
      <Filter>Source Files\SnAIkFiles</Filter>
    </ClCompile>
    <ClCompile Include="source\SnAIk\GameManager.cpp">
      <Filter>Source Files\SnAIkFiles</Filter>
    </ClCompile>
    <ClCompile Include="source\SnAIk\Physics.cpp">
      <Filter>Source Files\SnAIkFiles</Filter>
    </ClCompile>
    <ClCompile Include="source\SnAIk\Renderer.cpp">
      <Filter>Source Files\SnAIkFiles</Filter>
    </ClCompile>
    <ClCompile Include="source\SnAIk\Snake.cpp">
      <Filter>Source Files\SnAIkFiles</Filter>
    </ClCompile>
    <ClCompile Include="source\SnAIk\snakeSolver.cpp">
      <Filter>Source Files\SnAIkFiles</Filter>
    </ClCompile>
    <ClCompile Include="source\SnAIk\Timer.cpp">
      <Filter>Source Files\SnAIkFiles</Filter>
    </ClCompile>
    <ClCompile Include="source\SnAIkTest\FileSystemTest.cpp">
      <Filter>Source Files</Filter>
    </ClCompile>
    <ClCompile Include="source\SnAIkTest\BoxObjectTest.cpp">
      <Filter>Source Files</Filter>
    </ClCompile>
  </ItemGroup>
  <ItemGroup>
    <ClInclude Include="source\SnAIk\Objects\Primitives\BoxObject.hpp">
      <Filter>Source Files\SnAIkFiles\Objects\Primitives</Filter>
    </ClInclude>
    <ClInclude Include="source\SnAIk\Objects\Primitives\Object.hpp">
      <Filter>Source Files\SnAIkFiles\Objects\Primitives</Filter>
    </ClInclude>
    <ClInclude Include="source\SnAIk\Objects\Primitives\PlaneObject.hpp">
      <Filter>Source Files\SnAIkFiles\Objects\Primitives</Filter>
    </ClInclude>
    <ClInclude Include="source\SnAIk\Objects\SegmentObject.hpp">
      <Filter>Source Files\SnAIkFiles\Objects</Filter>
    </ClInclude>
    <ClInclude Include="source\SnAIk\Objects\WallObject.hpp">
      <Filter>Source Files\SnAIkFiles\Objects</Filter>
    </ClInclude>
    <ClInclude Include="source\SnAIk\FileSystem.hpp">
      <Filter>Source Files\SnAIkFiles</Filter>
    </ClInclude>
    <ClInclude Include="source\SnAIk\GameManager.hpp">
      <Filter>Source Files\SnAIkFiles</Filter>
    </ClInclude>
    <ClInclude Include="source\SnAIk\Physics.hpp">
      <Filter>Source Files\SnAIkFiles</Filter>
    </ClInclude>
    <ClInclude Include="source\SnAIk\Renderer.hpp">
      <Filter>Source Files\SnAIkFiles</Filter>
    </ClInclude>
    <ClInclude Include="source\SnAIk\Snake.hpp">
      <Filter>Source Files\SnAIkFiles</Filter>
    </ClInclude>
    <ClInclude Include="source\SnAIk\snakeSolver.hpp">
      <Filter>Source Files\SnAIkFiles</Filter>
    </ClInclude>
    <ClInclude Include="source\SnAIk\Timer.hpp">
      <Filter>Source Files\SnAIkFiles</Filter>
    </ClInclude>
  </ItemGroup>
</Project>